
Microsoft Visual Studio Solution File, Format Version 12.00
# Visual Studio Version 16
VisualStudioVersion = 16.0.31729.503
MinimumVisualStudioVersion = 10.0.40219.1
Project("{9A19103F-16F7-4668-BE54-9A1E7A4F7556}") = "YerraPro", "YerraPro\YerraPro.csproj", "{6D72D8E7-677A-42E2-955E-65AAFCEB8B0B}"
EndProject
Project("{FAE04EC0-301F-11D3-BF4B-00C04F79EFBC}") = "YerraAgent", "..\..\..\C#\Yerra\agent-client\YerraAgent\YerraAgent\YerraAgent.csproj", "{0F4C00C9-03CD-4571-B06C-DEDD55E503E4}"
EndProject
Global
	GlobalSection(SolutionConfigurationPlatforms) = preSolution
		Debug|Any CPU = Debug|Any CPU
		Release|Any CPU = Release|Any CPU
	EndGlobalSection
	GlobalSection(ProjectConfigurationPlatforms) = postSolution
		{6D72D8E7-677A-42E2-955E-65AAFCEB8B0B}.Debug|Any CPU.ActiveCfg = Debug|Any CPU
		{6D72D8E7-677A-42E2-955E-65AAFCEB8B0B}.Debug|Any CPU.Build.0 = Debug|Any CPU
		{6D72D8E7-677A-42E2-955E-65AAFCEB8B0B}.Release|Any CPU.ActiveCfg = Release|Any CPU
		{6D72D8E7-677A-42E2-955E-65AAFCEB8B0B}.Release|Any CPU.Build.0 = Release|Any CPU
		{0F4C00C9-03CD-4571-B06C-DEDD55E503E4}.Debug|Any CPU.ActiveCfg = Debug|Any CPU
		{0F4C00C9-03CD-4571-B06C-DEDD55E503E4}.Debug|Any CPU.Build.0 = Debug|Any CPU
		{0F4C00C9-03CD-4571-B06C-DEDD55E503E4}.Release|Any CPU.ActiveCfg = Release|Any CPU
		{0F4C00C9-03CD-4571-B06C-DEDD55E503E4}.Release|Any CPU.Build.0 = Release|Any CPU
	EndGlobalSection
	GlobalSection(SolutionProperties) = preSolution
		HideSolutionNode = FALSE
	EndGlobalSection
	GlobalSection(ExtensibilityGlobals) = postSolution
		SolutionGuid = {8F72C87B-9E29-4AF7-9338-8AEF4E412A06}
	EndGlobalSection
EndGlobal
